// !$*UTF8*$!
{
	archiveVersion = 1;
	classes = {
	};
	objectVersion = 56;
	objects = {

/* Begin PBXBuildFile section */
		551BA24C2C8FA867001713B7 /* SearchButtonView.swift in Sources */ = {isa = PBXBuildFile; fileRef = 551BA24B2C8FA867001713B7 /* SearchButtonView.swift */; };
		551BA24E2C8FB240001713B7 /* SlideMenuView.swift in Sources */ = {isa = PBXBuildFile; fileRef = 551BA24D2C8FB240001713B7 /* SlideMenuView.swift */; };
		553EF09E2C92B80F00887FD7 /* CoursesDataService.swift in Sources */ = {isa = PBXBuildFile; fileRef = 553EF09D2C92B80F00887FD7 /* CoursesDataService.swift */; };
		553EF0A22C92CB7700887FD7 /* MainView.swift in Sources */ = {isa = PBXBuildFile; fileRef = 553EF0A12C92CB7700887FD7 /* MainView.swift */; };
		553F2BF42C8D683B00483ABA /* ZotMapApp.swift in Sources */ = {isa = PBXBuildFile; fileRef = 553F2BF32C8D683B00483ABA /* ZotMapApp.swift */; };
		553F2BFD2C8D683C00483ABA /* Preview Assets.xcassets in Resources */ = {isa = PBXBuildFile; fileRef = 553F2BFC2C8D683C00483ABA /* Preview Assets.xcassets */; };
		553F2C072C8D683C00483ABA /* ZotMapTests.swift in Sources */ = {isa = PBXBuildFile; fileRef = 553F2C062C8D683C00483ABA /* ZotMapTests.swift */; };
		553F2C112C8D683C00483ABA /* ZotMapUITests.swift in Sources */ = {isa = PBXBuildFile; fileRef = 553F2C102C8D683C00483ABA /* ZotMapUITests.swift */; };
		553F2C132C8D683C00483ABA /* ZotMapUITestsLaunchTests.swift in Sources */ = {isa = PBXBuildFile; fileRef = 553F2C122C8D683C00483ABA /* ZotMapUITestsLaunchTests.swift */; };
		553F2C202C8D6A1E00483ABA /* Assets.xcassets in Resources */ = {isa = PBXBuildFile; fileRef = 553F2C1F2C8D6A1E00483ABA /* Assets.xcassets */; };
		553F2C252C8D6B3700483ABA /* Location.swift in Sources */ = {isa = PBXBuildFile; fileRef = 553F2C242C8D6B3700483ABA /* Location.swift */; };
		553F2C282C8D6CA100483ABA /* LocationsDataService.swift in Sources */ = {isa = PBXBuildFile; fileRef = 553F2C272C8D6CA100483ABA /* LocationsDataService.swift */; };
		553F2C2A2C8D6D6800483ABA /* LocationView.swift in Sources */ = {isa = PBXBuildFile; fileRef = 553F2C292C8D6D6800483ABA /* LocationView.swift */; };
		553F2C2C2C8D6D8C00483ABA /* LocationViewModel.swift in Sources */ = {isa = PBXBuildFile; fileRef = 553F2C2B2C8D6D8C00483ABA /* LocationViewModel.swift */; };
		553F2C2F2C8E51C200483ABA /* MenuButtonView.swift in Sources */ = {isa = PBXBuildFile; fileRef = 553F2C2E2C8E51C200483ABA /* MenuButtonView.swift */; };
		554720262C920CD9007B0B64 /* Constants.swift in Sources */ = {isa = PBXBuildFile; fileRef = 554720252C920CD9007B0B64 /* Constants.swift */; };
		55735EEF2C93D8FC00D2B26A /* LocationPreviewView.swift in Sources */ = {isa = PBXBuildFile; fileRef = 55735EEE2C93D8FC00D2B26A /* LocationPreviewView.swift */; };
		55735EF32C93E5BC00D2B26A /* Coordinates.swift in Sources */ = {isa = PBXBuildFile; fileRef = 55735EF22C93E5BC00D2B26A /* Coordinates.swift */; };
		557D44AE2C94F2CE00E4FF49 /* Buildings.json in Resources */ = {isa = PBXBuildFile; fileRef = 557D44AD2C94F2CE00E4FF49 /* Buildings.json */; };
		557D44B12C95263000E4FF49 /* Building.swift in Sources */ = {isa = PBXBuildFile; fileRef = 557D44B02C95263000E4FF49 /* Building.swift */; };
		557D44B52C95279700E4FF49 /* BuildingsDataService.swift in Sources */ = {isa = PBXBuildFile; fileRef = 557D44B42C95279700E4FF49 /* BuildingsDataService.swift */; };
		558B47F72C9D358900F0B72A /* MapAnnotationView.swift in Sources */ = {isa = PBXBuildFile; fileRef = 558B47F62C9D358900F0B72A /* MapAnnotationView.swift */; };
		55A7243F2C92487C00243F2A /* Montserrat-Regular.ttf in Resources */ = {isa = PBXBuildFile; fileRef = 554720282C9245EF007B0B64 /* Montserrat-Regular.ttf */; };
		55A724412C92489A00243F2A /* Montserrat-Bold.ttf in Resources */ = {isa = PBXBuildFile; fileRef = 55A724402C92489A00243F2A /* Montserrat-Bold.ttf */; };
		55A724432C9248C500243F2A /* Montserrat-SemiBold.ttf in Resources */ = {isa = PBXBuildFile; fileRef = 55A724422C9248C500243F2A /* Montserrat-SemiBold.ttf */; };
		55A724452C9286FE00243F2A /* CourseList.swift in Sources */ = {isa = PBXBuildFile; fileRef = 55A724442C9286FE00243F2A /* CourseList.swift */; };
		55A7244F2C928FD400243F2A /* CourseView.swift in Sources */ = {isa = PBXBuildFile; fileRef = 55A7244E2C928FD400243F2A /* CourseView.swift */; };
		55DC8E352C92D0B900FA03DD /* CourseViewModel.swift in Sources */ = {isa = PBXBuildFile; fileRef = 55DC8E342C92D0B900FA03DD /* CourseViewModel.swift */; };
		55F06C502C8FE9D3001DF4BC /* Launch Screen.storyboard in Resources */ = {isa = PBXBuildFile; fileRef = 55F06C4F2C8FE9D3001DF4BC /* Launch Screen.storyboard */; };
/* End PBXBuildFile section */

/* Begin PBXContainerItemProxy section */
		553F2C032C8D683C00483ABA /* PBXContainerItemProxy */ = {
			isa = PBXContainerItemProxy;
			containerPortal = 553F2BE82C8D683B00483ABA /* Project object */;
			proxyType = 1;
			remoteGlobalIDString = 553F2BEF2C8D683B00483ABA;
			remoteInfo = ZotMap;
		};
		553F2C0D2C8D683C00483ABA /* PBXContainerItemProxy */ = {
			isa = PBXContainerItemProxy;
			containerPortal = 553F2BE82C8D683B00483ABA /* Project object */;
			proxyType = 1;
			remoteGlobalIDString = 553F2BEF2C8D683B00483ABA;
			remoteInfo = ZotMap;
		};
/* End PBXContainerItemProxy section */

/* Begin PBXFileReference section */
		551BA24B2C8FA867001713B7 /* SearchButtonView.swift */ = {isa = PBXFileReference; lastKnownFileType = sourcecode.swift; path = SearchButtonView.swift; sourceTree = "<group>"; };
		551BA24D2C8FB240001713B7 /* SlideMenuView.swift */ = {isa = PBXFileReference; lastKnownFileType = sourcecode.swift; path = SlideMenuView.swift; sourceTree = "<group>"; };
		553EF09D2C92B80F00887FD7 /* CoursesDataService.swift */ = {isa = PBXFileReference; lastKnownFileType = sourcecode.swift; path = CoursesDataService.swift; sourceTree = "<group>"; };
		553EF0A12C92CB7700887FD7 /* MainView.swift */ = {isa = PBXFileReference; lastKnownFileType = sourcecode.swift; path = MainView.swift; sourceTree = "<group>"; };
		553F2BF02C8D683B00483ABA /* ZotMap.app */ = {isa = PBXFileReference; explicitFileType = wrapper.application; includeInIndex = 0; path = ZotMap.app; sourceTree = BUILT_PRODUCTS_DIR; };
		553F2BF32C8D683B00483ABA /* ZotMapApp.swift */ = {isa = PBXFileReference; lastKnownFileType = sourcecode.swift; path = ZotMapApp.swift; sourceTree = "<group>"; };
		553F2BFC2C8D683C00483ABA /* Preview Assets.xcassets */ = {isa = PBXFileReference; lastKnownFileType = folder.assetcatalog; path = "Preview Assets.xcassets"; sourceTree = "<group>"; };
		553F2C022C8D683C00483ABA /* ZotMapTests.xctest */ = {isa = PBXFileReference; explicitFileType = wrapper.cfbundle; includeInIndex = 0; path = ZotMapTests.xctest; sourceTree = BUILT_PRODUCTS_DIR; };
		553F2C062C8D683C00483ABA /* ZotMapTests.swift */ = {isa = PBXFileReference; lastKnownFileType = sourcecode.swift; path = ZotMapTests.swift; sourceTree = "<group>"; };
		553F2C0C2C8D683C00483ABA /* ZotMapUITests.xctest */ = {isa = PBXFileReference; explicitFileType = wrapper.cfbundle; includeInIndex = 0; path = ZotMapUITests.xctest; sourceTree = BUILT_PRODUCTS_DIR; };
		553F2C102C8D683C00483ABA /* ZotMapUITests.swift */ = {isa = PBXFileReference; lastKnownFileType = sourcecode.swift; path = ZotMapUITests.swift; sourceTree = "<group>"; };
		553F2C122C8D683C00483ABA /* ZotMapUITestsLaunchTests.swift */ = {isa = PBXFileReference; lastKnownFileType = sourcecode.swift; path = ZotMapUITestsLaunchTests.swift; sourceTree = "<group>"; };
		553F2C1F2C8D6A1E00483ABA /* Assets.xcassets */ = {isa = PBXFileReference; lastKnownFileType = folder.assetcatalog; path = Assets.xcassets; sourceTree = "<group>"; };
		553F2C242C8D6B3700483ABA /* Location.swift */ = {isa = PBXFileReference; lastKnownFileType = sourcecode.swift; path = Location.swift; sourceTree = "<group>"; };
		553F2C272C8D6CA100483ABA /* LocationsDataService.swift */ = {isa = PBXFileReference; fileEncoding = 4; lastKnownFileType = sourcecode.swift; path = LocationsDataService.swift; sourceTree = "<group>"; };
		553F2C292C8D6D6800483ABA /* LocationView.swift */ = {isa = PBXFileReference; lastKnownFileType = sourcecode.swift; path = LocationView.swift; sourceTree = "<group>"; };
		553F2C2B2C8D6D8C00483ABA /* LocationViewModel.swift */ = {isa = PBXFileReference; lastKnownFileType = sourcecode.swift; path = LocationViewModel.swift; sourceTree = "<group>"; };
		553F2C2E2C8E51C200483ABA /* MenuButtonView.swift */ = {isa = PBXFileReference; lastKnownFileType = sourcecode.swift; path = MenuButtonView.swift; sourceTree = "<group>"; };
		554720252C920CD9007B0B64 /* Constants.swift */ = {isa = PBXFileReference; lastKnownFileType = sourcecode.swift; path = Constants.swift; sourceTree = "<group>"; };
		554720282C9245EF007B0B64 /* Montserrat-Regular.ttf */ = {isa = PBXFileReference; lastKnownFileType = file; path = "Montserrat-Regular.ttf"; sourceTree = "<group>"; };
		55735EEE2C93D8FC00D2B26A /* LocationPreviewView.swift */ = {isa = PBXFileReference; lastKnownFileType = sourcecode.swift; path = LocationPreviewView.swift; sourceTree = "<group>"; };
		55735EF22C93E5BC00D2B26A /* Coordinates.swift */ = {isa = PBXFileReference; lastKnownFileType = sourcecode.swift; path = Coordinates.swift; sourceTree = "<group>"; };
		557D44AD2C94F2CE00E4FF49 /* Buildings.json */ = {isa = PBXFileReference; lastKnownFileType = text.json; path = Buildings.json; sourceTree = "<group>"; };
		557D44B02C95263000E4FF49 /* Building.swift */ = {isa = PBXFileReference; lastKnownFileType = sourcecode.swift; path = Building.swift; sourceTree = "<group>"; };
		557D44B42C95279700E4FF49 /* BuildingsDataService.swift */ = {isa = PBXFileReference; lastKnownFileType = sourcecode.swift; path = BuildingsDataService.swift; sourceTree = "<group>"; };
		558B47F62C9D358900F0B72A /* MapAnnotationView.swift */ = {isa = PBXFileReference; lastKnownFileType = sourcecode.swift; path = MapAnnotationView.swift; sourceTree = "<group>"; };
		55A724402C92489A00243F2A /* Montserrat-Bold.ttf */ = {isa = PBXFileReference; lastKnownFileType = file; path = "Montserrat-Bold.ttf"; sourceTree = "<group>"; };
		55A724422C9248C500243F2A /* Montserrat-SemiBold.ttf */ = {isa = PBXFileReference; lastKnownFileType = file; path = "Montserrat-SemiBold.ttf"; sourceTree = "<group>"; };
		55A724442C9286FE00243F2A /* CourseList.swift */ = {isa = PBXFileReference; lastKnownFileType = sourcecode.swift; path = CourseList.swift; sourceTree = "<group>"; };
		55A7244E2C928FD400243F2A /* CourseView.swift */ = {isa = PBXFileReference; lastKnownFileType = sourcecode.swift; path = CourseView.swift; sourceTree = "<group>"; };
		55DC8E342C92D0B900FA03DD /* CourseViewModel.swift */ = {isa = PBXFileReference; lastKnownFileType = sourcecode.swift; path = CourseViewModel.swift; sourceTree = "<group>"; };
		55F06C4F2C8FE9D3001DF4BC /* Launch Screen.storyboard */ = {isa = PBXFileReference; lastKnownFileType = file.storyboard; path = "Launch Screen.storyboard"; sourceTree = "<group>"; };
/* End PBXFileReference section */

/* Begin PBXFrameworksBuildPhase section */
		553F2BED2C8D683B00483ABA /* Frameworks */ = {
			isa = PBXFrameworksBuildPhase;
			buildActionMask = 2147483647;
			files = (
			);
			runOnlyForDeploymentPostprocessing = 0;
		};
		553F2BFF2C8D683C00483ABA /* Frameworks */ = {
			isa = PBXFrameworksBuildPhase;
			buildActionMask = 2147483647;
			files = (
			);
			runOnlyForDeploymentPostprocessing = 0;
		};
		553F2C092C8D683C00483ABA /* Frameworks */ = {
			isa = PBXFrameworksBuildPhase;
			buildActionMask = 2147483647;
			files = (
			);
			runOnlyForDeploymentPostprocessing = 0;
		};
/* End PBXFrameworksBuildPhase section */

/* Begin PBXGroup section */
		5514966C2C9BFCEB004669FC /* MapPins */ = {
			isa = PBXGroup;
			children = (
				558B47F62C9D358900F0B72A /* MapAnnotationView.swift */,
			);
			path = MapPins;
			sourceTree = "<group>";
		};
		551BA24F2C8FB6AD001713B7 /* SlideMenu */ = {
			isa = PBXGroup;
			children = (
				551BA24B2C8FA867001713B7 /* SearchButtonView.swift */,
				551BA24D2C8FB240001713B7 /* SlideMenuView.swift */,
			);
			path = SlideMenu;
			sourceTree = "<group>";
		};
		553EF09C2C92B75F00887FD7 /* Util */ = {
			isa = PBXGroup;
			children = (
				554720252C920CD9007B0B64 /* Constants.swift */,
				55F06C4F2C8FE9D3001DF4BC /* Launch Screen.storyboard */,
			);
			path = Util;
			sourceTree = "<group>";
		};
		553F2BE72C8D683B00483ABA = {
			isa = PBXGroup;
			children = (
				553F2BF22C8D683B00483ABA /* ZotMap */,
				553F2C052C8D683C00483ABA /* ZotMapTests */,
				553F2C0F2C8D683C00483ABA /* ZotMapUITests */,
				553F2BF12C8D683B00483ABA /* Products */,
			);
			sourceTree = "<group>";
		};
		553F2BF12C8D683B00483ABA /* Products */ = {
			isa = PBXGroup;
			children = (
				553F2BF02C8D683B00483ABA /* ZotMap.app */,
				553F2C022C8D683C00483ABA /* ZotMapTests.xctest */,
				553F2C0C2C8D683C00483ABA /* ZotMapUITests.xctest */,
			);
			name = Products;
			sourceTree = "<group>";
		};
		553F2BF22C8D683B00483ABA /* ZotMap */ = {
			isa = PBXGroup;
			children = (
				553F2BF32C8D683B00483ABA /* ZotMapApp.swift */,
				553F2C222C8D6AC600483ABA /* Views */,
				553F2C232C8D6ACD00483ABA /* ViewModels */,
				553F2C212C8D6AC200483ABA /* Models */,
				553F2C262C8D6C6400483ABA /* DataServices */,
				557D44AF2C95260E00E4FF49 /* Raw Data */,
				553F2BFB2C8D683C00483ABA /* Preview Content */,
				553EF09C2C92B75F00887FD7 /* Util */,
				55A7243E2C9247E900243F2A /* Fonts */,
			);
			path = ZotMap;
			sourceTree = "<group>";
		};
		553F2BFB2C8D683C00483ABA /* Preview Content */ = {
			isa = PBXGroup;
			children = (
				553F2C1F2C8D6A1E00483ABA /* Assets.xcassets */,
				553F2BFC2C8D683C00483ABA /* Preview Assets.xcassets */,
			);
			path = "Preview Content";
			sourceTree = "<group>";
		};
		553F2C052C8D683C00483ABA /* ZotMapTests */ = {
			isa = PBXGroup;
			children = (
				553F2C062C8D683C00483ABA /* ZotMapTests.swift */,
			);
			path = ZotMapTests;
			sourceTree = "<group>";
		};
		553F2C0F2C8D683C00483ABA /* ZotMapUITests */ = {
			isa = PBXGroup;
			children = (
				553F2C102C8D683C00483ABA /* ZotMapUITests.swift */,
				553F2C122C8D683C00483ABA /* ZotMapUITestsLaunchTests.swift */,
			);
			path = ZotMapUITests;
			sourceTree = "<group>";
		};
		553F2C212C8D6AC200483ABA /* Models */ = {
			isa = PBXGroup;
			children = (
				553F2C242C8D6B3700483ABA /* Location.swift */,
				55A724442C9286FE00243F2A /* CourseList.swift */,
				55735EF22C93E5BC00D2B26A /* Coordinates.swift */,
				557D44B02C95263000E4FF49 /* Building.swift */,
			);
			path = Models;
			sourceTree = "<group>";
		};
		553F2C222C8D6AC600483ABA /* Views */ = {
			isa = PBXGroup;
			children = (
				553EF0A12C92CB7700887FD7 /* MainView.swift */,
				55A724482C928D8100243F2A /* Map */,
				55A724492C928D9300243F2A /* Course */,
			);
			path = Views;
			sourceTree = "<group>";
		};
		553F2C232C8D6ACD00483ABA /* ViewModels */ = {
			isa = PBXGroup;
			children = (
				553F2C2B2C8D6D8C00483ABA /* LocationViewModel.swift */,
				55DC8E342C92D0B900FA03DD /* CourseViewModel.swift */,
			);
			path = ViewModels;
			sourceTree = "<group>";
		};
		553F2C262C8D6C6400483ABA /* DataServices */ = {
			isa = PBXGroup;
			children = (
				553F2C272C8D6CA100483ABA /* LocationsDataService.swift */,
				553EF09D2C92B80F00887FD7 /* CoursesDataService.swift */,
				557D44B42C95279700E4FF49 /* BuildingsDataService.swift */,
			);
			path = DataServices;
			sourceTree = "<group>";
		};
		557D44AF2C95260E00E4FF49 /* Raw Data */ = {
			isa = PBXGroup;
			children = (
				557D44AD2C94F2CE00E4FF49 /* Buildings.json */,
			);
			path = "Raw Data";
			sourceTree = "<group>";
		};
		55A7243E2C9247E900243F2A /* Fonts */ = {
			isa = PBXGroup;
			children = (
				554720282C9245EF007B0B64 /* Montserrat-Regular.ttf */,
				55A724422C9248C500243F2A /* Montserrat-SemiBold.ttf */,
				55A724402C92489A00243F2A /* Montserrat-Bold.ttf */,
			);
			path = Fonts;
			sourceTree = "<group>";
		};
		55A724482C928D8100243F2A /* Map */ = {
			isa = PBXGroup;
			children = (
				553F2C292C8D6D6800483ABA /* LocationView.swift */,
				553F2C2E2C8E51C200483ABA /* MenuButtonView.swift */,
				55735EEE2C93D8FC00D2B26A /* LocationPreviewView.swift */,
				5514966C2C9BFCEB004669FC /* MapPins */,
				551BA24F2C8FB6AD001713B7 /* SlideMenu */,
			);
			path = Map;
			sourceTree = "<group>";
		};
		55A724492C928D9300243F2A /* Course */ = {
			isa = PBXGroup;
			children = (
				55A7244E2C928FD400243F2A /* CourseView.swift */,
			);
			path = Course;
			sourceTree = "<group>";
		};
/* End PBXGroup section */

/* Begin PBXNativeTarget section */
		553F2BEF2C8D683B00483ABA /* ZotMap */ = {
			isa = PBXNativeTarget;
			buildConfigurationList = 553F2C162C8D683C00483ABA /* Build configuration list for PBXNativeTarget "ZotMap" */;
			buildPhases = (
				553F2BEC2C8D683B00483ABA /* Sources */,
				553F2BED2C8D683B00483ABA /* Frameworks */,
				553F2BEE2C8D683B00483ABA /* Resources */,
			);
			buildRules = (
			);
			dependencies = (
			);
			name = ZotMap;
			productName = ZotMap;
			productReference = 553F2BF02C8D683B00483ABA /* ZotMap.app */;
			productType = "com.apple.product-type.application";
		};
		553F2C012C8D683C00483ABA /* ZotMapTests */ = {
			isa = PBXNativeTarget;
			buildConfigurationList = 553F2C192C8D683C00483ABA /* Build configuration list for PBXNativeTarget "ZotMapTests" */;
			buildPhases = (
				553F2BFE2C8D683C00483ABA /* Sources */,
				553F2BFF2C8D683C00483ABA /* Frameworks */,
				553F2C002C8D683C00483ABA /* Resources */,
			);
			buildRules = (
			);
			dependencies = (
				553F2C042C8D683C00483ABA /* PBXTargetDependency */,
			);
			name = ZotMapTests;
			productName = ZotMapTests;
			productReference = 553F2C022C8D683C00483ABA /* ZotMapTests.xctest */;
			productType = "com.apple.product-type.bundle.unit-test";
		};
		553F2C0B2C8D683C00483ABA /* ZotMapUITests */ = {
			isa = PBXNativeTarget;
			buildConfigurationList = 553F2C1C2C8D683C00483ABA /* Build configuration list for PBXNativeTarget "ZotMapUITests" */;
			buildPhases = (
				553F2C082C8D683C00483ABA /* Sources */,
				553F2C092C8D683C00483ABA /* Frameworks */,
				553F2C0A2C8D683C00483ABA /* Resources */,
			);
			buildRules = (
			);
			dependencies = (
				553F2C0E2C8D683C00483ABA /* PBXTargetDependency */,
			);
			name = ZotMapUITests;
			productName = ZotMapUITests;
			productReference = 553F2C0C2C8D683C00483ABA /* ZotMapUITests.xctest */;
			productType = "com.apple.product-type.bundle.ui-testing";
		};
/* End PBXNativeTarget section */

/* Begin PBXProject section */
		553F2BE82C8D683B00483ABA /* Project object */ = {
			isa = PBXProject;
			attributes = {
				BuildIndependentTargetsInParallel = 1;
				LastSwiftUpdateCheck = 1540;
				LastUpgradeCheck = 1600;
				TargetAttributes = {
					553F2BEF2C8D683B00483ABA = {
						CreatedOnToolsVersion = 15.4;
					};
					553F2C012C8D683C00483ABA = {
						CreatedOnToolsVersion = 15.4;
						TestTargetID = 553F2BEF2C8D683B00483ABA;
					};
					553F2C0B2C8D683C00483ABA = {
						CreatedOnToolsVersion = 15.4;
						TestTargetID = 553F2BEF2C8D683B00483ABA;
					};
				};
			};
			buildConfigurationList = 553F2BEB2C8D683B00483ABA /* Build configuration list for PBXProject "ZotMap" */;
			compatibilityVersion = "Xcode 14.0";
			developmentRegion = en;
			hasScannedForEncodings = 0;
			knownRegions = (
				en,
				Base,
			);
			mainGroup = 553F2BE72C8D683B00483ABA;
			productRefGroup = 553F2BF12C8D683B00483ABA /* Products */;
			projectDirPath = "";
			projectRoot = "";
			targets = (
				553F2BEF2C8D683B00483ABA /* ZotMap */,
				553F2C012C8D683C00483ABA /* ZotMapTests */,
				553F2C0B2C8D683C00483ABA /* ZotMapUITests */,
			);
		};
/* End PBXProject section */

/* Begin PBXResourcesBuildPhase section */
		553F2BEE2C8D683B00483ABA /* Resources */ = {
			isa = PBXResourcesBuildPhase;
			buildActionMask = 2147483647;
			files = (
				55A724432C9248C500243F2A /* Montserrat-SemiBold.ttf in Resources */,
				55A724412C92489A00243F2A /* Montserrat-Bold.ttf in Resources */,
				55A7243F2C92487C00243F2A /* Montserrat-Regular.ttf in Resources */,
				55F06C502C8FE9D3001DF4BC /* Launch Screen.storyboard in Resources */,
				553F2C202C8D6A1E00483ABA /* Assets.xcassets in Resources */,
				553F2BFD2C8D683C00483ABA /* Preview Assets.xcassets in Resources */,
				557D44AE2C94F2CE00E4FF49 /* Buildings.json in Resources */,
			);
			runOnlyForDeploymentPostprocessing = 0;
		};
		553F2C002C8D683C00483ABA /* Resources */ = {
			isa = PBXResourcesBuildPhase;
			buildActionMask = 2147483647;
			files = (
			);
			runOnlyForDeploymentPostprocessing = 0;
		};
		553F2C0A2C8D683C00483ABA /* Resources */ = {
			isa = PBXResourcesBuildPhase;
			buildActionMask = 2147483647;
			files = (
			);
			runOnlyForDeploymentPostprocessing = 0;
		};
/* End PBXResourcesBuildPhase section */

/* Begin PBXSourcesBuildPhase section */
		553F2BEC2C8D683B00483ABA /* Sources */ = {
			isa = PBXSourcesBuildPhase;
			buildActionMask = 2147483647;
			files = (
				554720262C920CD9007B0B64 /* Constants.swift in Sources */,
				553EF0A22C92CB7700887FD7 /* MainView.swift in Sources */,
				553F2C2F2C8E51C200483ABA /* MenuButtonView.swift in Sources */,
				553F2C2A2C8D6D6800483ABA /* LocationView.swift in Sources */,
				55735EF32C93E5BC00D2B26A /* Coordinates.swift in Sources */,
				557D44B12C95263000E4FF49 /* Building.swift in Sources */,
				55A724452C9286FE00243F2A /* CourseList.swift in Sources */,
				553F2C252C8D6B3700483ABA /* Location.swift in Sources */,
				553F2C2C2C8D6D8C00483ABA /* LocationViewModel.swift in Sources */,
				557D44B52C95279700E4FF49 /* BuildingsDataService.swift in Sources */,
				551BA24C2C8FA867001713B7 /* SearchButtonView.swift in Sources */,
				551BA24E2C8FB240001713B7 /* SlideMenuView.swift in Sources */,
				55DC8E352C92D0B900FA03DD /* CourseViewModel.swift in Sources */,
				553F2BF42C8D683B00483ABA /* ZotMapApp.swift in Sources */,
				553F2C282C8D6CA100483ABA /* LocationsDataService.swift in Sources */,
				55A7244F2C928FD400243F2A /* CourseView.swift in Sources */,
				55735EEF2C93D8FC00D2B26A /* LocationPreviewView.swift in Sources */,
				553EF09E2C92B80F00887FD7 /* CoursesDataService.swift in Sources */,
				558B47F72C9D358900F0B72A /* MapAnnotationView.swift in Sources */,
			);
			runOnlyForDeploymentPostprocessing = 0;
		};
		553F2BFE2C8D683C00483ABA /* Sources */ = {
			isa = PBXSourcesBuildPhase;
			buildActionMask = 2147483647;
			files = (
				553F2C072C8D683C00483ABA /* ZotMapTests.swift in Sources */,
			);
			runOnlyForDeploymentPostprocessing = 0;
		};
		553F2C082C8D683C00483ABA /* Sources */ = {
			isa = PBXSourcesBuildPhase;
			buildActionMask = 2147483647;
			files = (
				553F2C112C8D683C00483ABA /* ZotMapUITests.swift in Sources */,
				553F2C132C8D683C00483ABA /* ZotMapUITestsLaunchTests.swift in Sources */,
			);
			runOnlyForDeploymentPostprocessing = 0;
		};
/* End PBXSourcesBuildPhase section */

/* Begin PBXTargetDependency section */
		553F2C042C8D683C00483ABA /* PBXTargetDependency */ = {
			isa = PBXTargetDependency;
			target = 553F2BEF2C8D683B00483ABA /* ZotMap */;
			targetProxy = 553F2C032C8D683C00483ABA /* PBXContainerItemProxy */;
		};
		553F2C0E2C8D683C00483ABA /* PBXTargetDependency */ = {
			isa = PBXTargetDependency;
			target = 553F2BEF2C8D683B00483ABA /* ZotMap */;
			targetProxy = 553F2C0D2C8D683C00483ABA /* PBXContainerItemProxy */;
		};
/* End PBXTargetDependency section */

/* Begin XCBuildConfiguration section */
		553F2C142C8D683C00483ABA /* Debug */ = {
			isa = XCBuildConfiguration;
			buildSettings = {
				ALWAYS_SEARCH_USER_PATHS = NO;
				ASSETCATALOG_COMPILER_GENERATE_SWIFT_ASSET_SYMBOL_EXTENSIONS = YES;
				CLANG_ANALYZER_NONNULL = YES;
				CLANG_ANALYZER_NUMBER_OBJECT_CONVERSION = YES_AGGRESSIVE;
				CLANG_CXX_LANGUAGE_STANDARD = "gnu++20";
				CLANG_ENABLE_MODULES = YES;
				CLANG_ENABLE_OBJC_ARC = YES;
				CLANG_ENABLE_OBJC_WEAK = YES;
				CLANG_WARN_BLOCK_CAPTURE_AUTORELEASING = YES;
				CLANG_WARN_BOOL_CONVERSION = YES;
				CLANG_WARN_COMMA = YES;
				CLANG_WARN_CONSTANT_CONVERSION = YES;
				CLANG_WARN_DEPRECATED_OBJC_IMPLEMENTATIONS = YES;
				CLANG_WARN_DIRECT_OBJC_ISA_USAGE = YES_ERROR;
				CLANG_WARN_DOCUMENTATION_COMMENTS = YES;
				CLANG_WARN_EMPTY_BODY = YES;
				CLANG_WARN_ENUM_CONVERSION = YES;
				CLANG_WARN_INFINITE_RECURSION = YES;
				CLANG_WARN_INT_CONVERSION = YES;
				CLANG_WARN_NON_LITERAL_NULL_CONVERSION = YES;
				CLANG_WARN_OBJC_IMPLICIT_RETAIN_SELF = YES;
				CLANG_WARN_OBJC_LITERAL_CONVERSION = YES;
				CLANG_WARN_OBJC_ROOT_CLASS = YES_ERROR;
				CLANG_WARN_QUOTED_INCLUDE_IN_FRAMEWORK_HEADER = YES;
				CLANG_WARN_RANGE_LOOP_ANALYSIS = YES;
				CLANG_WARN_STRICT_PROTOTYPES = YES;
				CLANG_WARN_SUSPICIOUS_MOVE = YES;
				CLANG_WARN_UNGUARDED_AVAILABILITY = YES_AGGRESSIVE;
				CLANG_WARN_UNREACHABLE_CODE = YES;
				CLANG_WARN__DUPLICATE_METHOD_MATCH = YES;
				COPY_PHASE_STRIP = NO;
				DEBUG_INFORMATION_FORMAT = dwarf;
				ENABLE_STRICT_OBJC_MSGSEND = YES;
				ENABLE_TESTABILITY = YES;
				ENABLE_USER_SCRIPT_SANDBOXING = YES;
				GCC_C_LANGUAGE_STANDARD = gnu17;
				GCC_DYNAMIC_NO_PIC = NO;
				GCC_NO_COMMON_BLOCKS = YES;
				GCC_OPTIMIZATION_LEVEL = 0;
				GCC_PREPROCESSOR_DEFINITIONS = (
					"DEBUG=1",
					"$(inherited)",
				);
				GCC_WARN_64_TO_32_BIT_CONVERSION = YES;
				GCC_WARN_ABOUT_RETURN_TYPE = YES_ERROR;
				GCC_WARN_UNDECLARED_SELECTOR = YES;
				GCC_WARN_UNINITIALIZED_AUTOS = YES_AGGRESSIVE;
				GCC_WARN_UNUSED_FUNCTION = YES;
				GCC_WARN_UNUSED_VARIABLE = YES;
				IPHONEOS_DEPLOYMENT_TARGET = 17.5;
				LOCALIZATION_PREFERS_STRING_CATALOGS = YES;
				MTL_ENABLE_DEBUG_INFO = INCLUDE_SOURCE;
				MTL_FAST_MATH = YES;
				ONLY_ACTIVE_ARCH = YES;
				SDKROOT = iphoneos;
				SWIFT_ACTIVE_COMPILATION_CONDITIONS = "DEBUG $(inherited)";
				SWIFT_OPTIMIZATION_LEVEL = "-Onone";
			};
			name = Debug;
		};
		553F2C152C8D683C00483ABA /* Release */ = {
			isa = XCBuildConfiguration;
			buildSettings = {
				ALWAYS_SEARCH_USER_PATHS = NO;
				ASSETCATALOG_COMPILER_GENERATE_SWIFT_ASSET_SYMBOL_EXTENSIONS = YES;
				CLANG_ANALYZER_NONNULL = YES;
				CLANG_ANALYZER_NUMBER_OBJECT_CONVERSION = YES_AGGRESSIVE;
				CLANG_CXX_LANGUAGE_STANDARD = "gnu++20";
				CLANG_ENABLE_MODULES = YES;
				CLANG_ENABLE_OBJC_ARC = YES;
				CLANG_ENABLE_OBJC_WEAK = YES;
				CLANG_WARN_BLOCK_CAPTURE_AUTORELEASING = YES;
				CLANG_WARN_BOOL_CONVERSION = YES;
				CLANG_WARN_COMMA = YES;
				CLANG_WARN_CONSTANT_CONVERSION = YES;
				CLANG_WARN_DEPRECATED_OBJC_IMPLEMENTATIONS = YES;
				CLANG_WARN_DIRECT_OBJC_ISA_USAGE = YES_ERROR;
				CLANG_WARN_DOCUMENTATION_COMMENTS = YES;
				CLANG_WARN_EMPTY_BODY = YES;
				CLANG_WARN_ENUM_CONVERSION = YES;
				CLANG_WARN_INFINITE_RECURSION = YES;
				CLANG_WARN_INT_CONVERSION = YES;
				CLANG_WARN_NON_LITERAL_NULL_CONVERSION = YES;
				CLANG_WARN_OBJC_IMPLICIT_RETAIN_SELF = YES;
				CLANG_WARN_OBJC_LITERAL_CONVERSION = YES;
				CLANG_WARN_OBJC_ROOT_CLASS = YES_ERROR;
				CLANG_WARN_QUOTED_INCLUDE_IN_FRAMEWORK_HEADER = YES;
				CLANG_WARN_RANGE_LOOP_ANALYSIS = YES;
				CLANG_WARN_STRICT_PROTOTYPES = YES;
				CLANG_WARN_SUSPICIOUS_MOVE = YES;
				CLANG_WARN_UNGUARDED_AVAILABILITY = YES_AGGRESSIVE;
				CLANG_WARN_UNREACHABLE_CODE = YES;
				CLANG_WARN__DUPLICATE_METHOD_MATCH = YES;
				COPY_PHASE_STRIP = NO;
				DEBUG_INFORMATION_FORMAT = "dwarf-with-dsym";
				ENABLE_NS_ASSERTIONS = NO;
				ENABLE_STRICT_OBJC_MSGSEND = YES;
				ENABLE_USER_SCRIPT_SANDBOXING = YES;
				GCC_C_LANGUAGE_STANDARD = gnu17;
				GCC_NO_COMMON_BLOCKS = YES;
				GCC_WARN_64_TO_32_BIT_CONVERSION = YES;
				GCC_WARN_ABOUT_RETURN_TYPE = YES_ERROR;
				GCC_WARN_UNDECLARED_SELECTOR = YES;
				GCC_WARN_UNINITIALIZED_AUTOS = YES_AGGRESSIVE;
				GCC_WARN_UNUSED_FUNCTION = YES;
				GCC_WARN_UNUSED_VARIABLE = YES;
				IPHONEOS_DEPLOYMENT_TARGET = 17.5;
				LOCALIZATION_PREFERS_STRING_CATALOGS = YES;
				MTL_ENABLE_DEBUG_INFO = NO;
				MTL_FAST_MATH = YES;
				SDKROOT = iphoneos;
				SWIFT_COMPILATION_MODE = wholemodule;
				VALIDATE_PRODUCT = YES;
			};
			name = Release;
		};
		553F2C172C8D683C00483ABA /* Debug */ = {
			isa = XCBuildConfiguration;
			buildSettings = {
				ASSETCATALOG_COMPILER_APPICON_NAME = AppIcon;
				ASSETCATALOG_COMPILER_GLOBAL_ACCENT_COLOR_NAME = AccentColor;
				CODE_SIGN_STYLE = Automatic;
				CURRENT_PROJECT_VERSION = 1;
				DEVELOPMENT_ASSET_PATHS = "\"ZotMap/Preview Content\"";
				DEVELOPMENT_TEAM = Q4GZ52K957;
				ENABLE_PREVIEWS = YES;
				GENERATE_INFOPLIST_FILE = YES;
				INFOPLIST_FILE = ZotMap/Info.plist;
				INFOPLIST_KEY_NSLocationWhenInUseUsageDescription = "";
				INFOPLIST_KEY_UIApplicationSceneManifest_Generation = YES;
				INFOPLIST_KEY_UIApplicationSupportsIndirectInputEvents = YES;
				INFOPLIST_KEY_UILaunchScreen_Generation = YES;
				INFOPLIST_KEY_UILaunchStoryboardName = "Launch Screen.storyboard";
				INFOPLIST_KEY_UISupportedInterfaceOrientations_iPad = "UIInterfaceOrientationPortrait UIInterfaceOrientationPortraitUpsideDown UIInterfaceOrientationLandscapeLeft UIInterfaceOrientationLandscapeRight";
				INFOPLIST_KEY_UISupportedInterfaceOrientations_iPhone = "UIInterfaceOrientationPortrait UIInterfaceOrientationLandscapeLeft UIInterfaceOrientationLandscapeRight";
				LD_RUNPATH_SEARCH_PATHS = (
					"$(inherited)",
					"@executable_path/Frameworks",
				);
				MARKETING_VERSION = 1.0;
				PRODUCT_BUNDLE_IDENTIFIER = com.waterkimchi.ZotMap;
				PRODUCT_NAME = "$(TARGET_NAME)";
				SWIFT_EMIT_LOC_STRINGS = YES;
				SWIFT_VERSION = 5.0;
				TARGETED_DEVICE_FAMILY = "1,2";
			};
			name = Debug;
		};
		553F2C182C8D683C00483ABA /* Release */ = {
			isa = XCBuildConfiguration;
			buildSettings = {
				ASSETCATALOG_COMPILER_APPICON_NAME = AppIcon;
				ASSETCATALOG_COMPILER_GLOBAL_ACCENT_COLOR_NAME = AccentColor;
				CODE_SIGN_STYLE = Automatic;
				CURRENT_PROJECT_VERSION = 1;
				DEVELOPMENT_ASSET_PATHS = "\"ZotMap/Preview Content\"";
				DEVELOPMENT_TEAM = Q4GZ52K957;
				ENABLE_PREVIEWS = YES;
				GENERATE_INFOPLIST_FILE = YES;
				INFOPLIST_FILE = ZotMap/Info.plist;
				INFOPLIST_KEY_NSLocationWhenInUseUsageDescription = "";
				INFOPLIST_KEY_UIApplicationSceneManifest_Generation = YES;
				INFOPLIST_KEY_UIApplicationSupportsIndirectInputEvents = YES;
				INFOPLIST_KEY_UILaunchScreen_Generation = YES;
				INFOPLIST_KEY_UILaunchStoryboardName = "Launch Screen.storyboard";
				INFOPLIST_KEY_UISupportedInterfaceOrientations_iPad = "UIInterfaceOrientationPortrait UIInterfaceOrientationPortraitUpsideDown UIInterfaceOrientationLandscapeLeft UIInterfaceOrientationLandscapeRight";
				INFOPLIST_KEY_UISupportedInterfaceOrientations_iPhone = "UIInterfaceOrientationPortrait UIInterfaceOrientationLandscapeLeft UIInterfaceOrientationLandscapeRight";
				LD_RUNPATH_SEARCH_PATHS = (
					"$(inherited)",
					"@executable_path/Frameworks",
				);
				MARKETING_VERSION = 1.0;
				PRODUCT_BUNDLE_IDENTIFIER = com.waterkimchi.ZotMap;
				PRODUCT_NAME = "$(TARGET_NAME)";
				SWIFT_EMIT_LOC_STRINGS = YES;
				SWIFT_VERSION = 5.0;
				TARGETED_DEVICE_FAMILY = "1,2";
			};
			name = Release;
		};
		553F2C1A2C8D683C00483ABA /* Debug */ = {
			isa = XCBuildConfiguration;
			buildSettings = {
				BUNDLE_LOADER = "$(TEST_HOST)";
				CODE_SIGN_STYLE = Automatic;
				CURRENT_PROJECT_VERSION = 1;
				DEVELOPMENT_TEAM = Q4GZ52K957;
				GENERATE_INFOPLIST_FILE = YES;
				IPHONEOS_DEPLOYMENT_TARGET = 17.5;
				MARKETING_VERSION = 1.0;
				PRODUCT_BUNDLE_IDENTIFIER = com.waterkimchi.ZotMapTests;
				PRODUCT_NAME = "$(TARGET_NAME)";
				SWIFT_EMIT_LOC_STRINGS = NO;
				SWIFT_VERSION = 5.0;
				TARGETED_DEVICE_FAMILY = "1,2";
				TEST_HOST = "$(BUILT_PRODUCTS_DIR)/ZotMap.app/$(BUNDLE_EXECUTABLE_FOLDER_PATH)/ZotMap";
			};
			name = Debug;
		};
		553F2C1B2C8D683C00483ABA /* Release */ = {
			isa = XCBuildConfiguration;
			buildSettings = {
				BUNDLE_LOADER = "$(TEST_HOST)";
				CODE_SIGN_STYLE = Automatic;
				CURRENT_PROJECT_VERSION = 1;
				DEVELOPMENT_TEAM = Q4GZ52K957;
				GENERATE_INFOPLIST_FILE = YES;
				IPHONEOS_DEPLOYMENT_TARGET = 17.5;
				MARKETING_VERSION = 1.0;
				PRODUCT_BUNDLE_IDENTIFIER = com.waterkimchi.ZotMapTests;
				PRODUCT_NAME = "$(TARGET_NAME)";
				SWIFT_EMIT_LOC_STRINGS = NO;
				SWIFT_VERSION = 5.0;
				TARGETED_DEVICE_FAMILY = "1,2";
				TEST_HOST = "$(BUILT_PRODUCTS_DIR)/ZotMap.app/$(BUNDLE_EXECUTABLE_FOLDER_PATH)/ZotMap";
			};
			name = Release;
		};
		553F2C1D2C8D683C00483ABA /* Debug */ = {
			isa = XCBuildConfiguration;
			buildSettings = {
				CODE_SIGN_STYLE = Automatic;
				CURRENT_PROJECT_VERSION = 1;
				DEVELOPMENT_TEAM = Q4GZ52K957;
				GENERATE_INFOPLIST_FILE = YES;
				MARKETING_VERSION = 1.0;
				PRODUCT_BUNDLE_IDENTIFIER = com.waterkimchi.ZotMapUITests;
				PRODUCT_NAME = "$(TARGET_NAME)";
				SWIFT_EMIT_LOC_STRINGS = NO;
				SWIFT_VERSION = 5.0;
				TARGETED_DEVICE_FAMILY = "1,2";
				TEST_TARGET_NAME = ZotMap;
			};
			name = Debug;
		};
		553F2C1E2C8D683C00483ABA /* Release */ = {
			isa = XCBuildConfiguration;
			buildSettings = {
				CODE_SIGN_STYLE = Automatic;
				CURRENT_PROJECT_VERSION = 1;
				DEVELOPMENT_TEAM = Q4GZ52K957;
				GENERATE_INFOPLIST_FILE = YES;
				MARKETING_VERSION = 1.0;
				PRODUCT_BUNDLE_IDENTIFIER = com.waterkimchi.ZotMapUITests;
				PRODUCT_NAME = "$(TARGET_NAME)";
				SWIFT_EMIT_LOC_STRINGS = NO;
				SWIFT_VERSION = 5.0;
				TARGETED_DEVICE_FAMILY = "1,2";
				TEST_TARGET_NAME = ZotMap;
			};
			name = Release;
		};
/* End XCBuildConfiguration section */

/* Begin XCConfigurationList section */
		553F2BEB2C8D683B00483ABA /* Build configuration list for PBXProject "ZotMap" */ = {
			isa = XCConfigurationList;
			buildConfigurations = (
				553F2C142C8D683C00483ABA /* Debug */,
				553F2C152C8D683C00483ABA /* Release */,
			);
			defaultConfigurationIsVisible = 0;
			defaultConfigurationName = Release;
		};
		553F2C162C8D683C00483ABA /* Build configuration list for PBXNativeTarget "ZotMap" */ = {
			isa = XCConfigurationList;
			buildConfigurations = (
				553F2C172C8D683C00483ABA /* Debug */,
				553F2C182C8D683C00483ABA /* Release */,
			);
			defaultConfigurationIsVisible = 0;
			defaultConfigurationName = Release;
		};
		553F2C192C8D683C00483ABA /* Build configuration list for PBXNativeTarget "ZotMapTests" */ = {
			isa = XCConfigurationList;
			buildConfigurations = (
				553F2C1A2C8D683C00483ABA /* Debug */,
				553F2C1B2C8D683C00483ABA /* Release */,
			);
			defaultConfigurationIsVisible = 0;
			defaultConfigurationName = Release;
		};
		553F2C1C2C8D683C00483ABA /* Build configuration list for PBXNativeTarget "ZotMapUITests" */ = {
			isa = XCConfigurationList;
			buildConfigurations = (
				553F2C1D2C8D683C00483ABA /* Debug */,
				553F2C1E2C8D683C00483ABA /* Release */,
			);
			defaultConfigurationIsVisible = 0;
			defaultConfigurationName = Release;
		};
/* End XCConfigurationList section */
	};
	rootObject = 553F2BE82C8D683B00483ABA /* Project object */;
}
